
Microsoft Visual Studio Solution File, Format Version 12.00
# Visual Studio 15
Project("{FAE04EC0-301F-11D3-BF4B-00C04F79EFBC}") = "XamarinGalleries.Android", "XamarinGalleries.Android\XamarinGalleries.Android.csproj", "{376B1ADF-DD24-4C74-9781-D80170785979}"
EndProject
Project("{FAE04EC0-301F-11D3-BF4B-00C04F79EFBC}") = "XamarinGalleries.iOS", "XamarinGalleries.iOS\XamarinGalleries.iOS.csproj", "{941DBA6D-82C9-4E8F-B6A4-104380D6C6EF}"
EndProject
Project("{FAE04EC0-301F-11D3-BF4B-00C04F79EFBC}") = "XamarinGalleries", "XamarinGalleries\XamarinGalleries.csproj", "{FBE7CA39-D36B-4426-8D51-588EB2A71EFF}"
EndProject
Global
	GlobalSection(SolutionConfigurationPlatforms) = preSolution
		Debug|Any CPU = Debug|Any CPU
		Release|Any CPU = Release|Any CPU
		Debug|iPhoneSimulator = Debug|iPhoneSimulator
		Release|iPhoneSimulator = Release|iPhoneSimulator
		Debug|iPhone = Debug|iPhone
		Release|iPhone = Release|iPhone
	EndGlobalSection
	GlobalSection(ProjectConfigurationPlatforms) = postSolution
		{376B1ADF-DD24-4C74-9781-D80170785979}.Debug|Any CPU.ActiveCfg = Debug|Any CPU
		{376B1ADF-DD24-4C74-9781-D80170785979}.Debug|Any CPU.Build.0 = Debug|Any CPU
		{376B1ADF-DD24-4C74-9781-D80170785979}.Release|Any CPU.ActiveCfg = Release|Any CPU
		{376B1ADF-DD24-4C74-9781-D80170785979}.Release|Any CPU.Build.0 = Release|Any CPU
		{376B1ADF-DD24-4C74-9781-D80170785979}.Debug|iPhoneSimulator.ActiveCfg = Debug|Any CPU
		{376B1ADF-DD24-4C74-9781-D80170785979}.Debug|iPhoneSimulator.Build.0 = Debug|Any CPU
		{376B1ADF-DD24-4C74-9781-D80170785979}.Release|iPhoneSimulator.ActiveCfg = Release|Any CPU
		{376B1ADF-DD24-4C74-9781-D80170785979}.Release|iPhoneSimulator.Build.0 = Release|Any CPU
		{376B1ADF-DD24-4C74-9781-D80170785979}.Debug|iPhone.ActiveCfg = Debug|Any CPU
		{376B1ADF-DD24-4C74-9781-D80170785979}.Debug|iPhone.Build.0 = Debug|Any CPU
		{376B1ADF-DD24-4C74-9781-D80170785979}.Release|iPhone.ActiveCfg = Release|Any CPU
		{376B1ADF-DD24-4C74-9781-D80170785979}.Release|iPhone.Build.0 = Release|Any CPU
		{941DBA6D-82C9-4E8F-B6A4-104380D6C6EF}.Debug|Any CPU.ActiveCfg = Debug|iPhoneSimulator
		{941DBA6D-82C9-4E8F-B6A4-104380D6C6EF}.Debug|Any CPU.Build.0 = Debug|iPhoneSimulator
		{941DBA6D-82C9-4E8F-B6A4-104380D6C6EF}.Release|Any CPU.ActiveCfg = Release|iPhoneSimulator
		{941DBA6D-82C9-4E8F-B6A4-104380D6C6EF}.Release|Any CPU.Build.0 = Release|iPhoneSimulator
		{941DBA6D-82C9-4E8F-B6A4-104380D6C6EF}.Debug|iPhoneSimulator.ActiveCfg = Debug|iPhoneSimulator
		{941DBA6D-82C9-4E8F-B6A4-104380D6C6EF}.Debug|iPhoneSimulator.Build.0 = Debug|iPhoneSimulator
		{941DBA6D-82C9-4E8F-B6A4-104380D6C6EF}.Release|iPhoneSimulator.ActiveCfg = Release|iPhoneSimulator
		{941DBA6D-82C9-4E8F-B6A4-104380D6C6EF}.Release|iPhoneSimulator.Build.0 = Release|iPhoneSimulator
		{941DBA6D-82C9-4E8F-B6A4-104380D6C6EF}.Debug|iPhone.ActiveCfg = Debug|iPhone
		{941DBA6D-82C9-4E8F-B6A4-104380D6C6EF}.Debug|iPhone.Build.0 = Debug|iPhone
		{941DBA6D-82C9-4E8F-B6A4-104380D6C6EF}.Release|iPhone.ActiveCfg = Release|iPhone
		{941DBA6D-82C9-4E8F-B6A4-104380D6C6EF}.Release|iPhone.Build.0 = Release|iPhone
		{FBE7CA39-D36B-4426-8D51-588EB2A71EFF}.Debug|Any CPU.ActiveCfg = Debug|Any CPU
		{FBE7CA39-D36B-4426-8D51-588EB2A71EFF}.Debug|Any CPU.Build.0 = Debug|Any CPU
		{FBE7CA39-D36B-4426-8D51-588EB2A71EFF}.Release|Any CPU.ActiveCfg = Release|Any CPU
		{FBE7CA39-D36B-4426-8D51-588EB2A71EFF}.Release|Any CPU.Build.0 = Release|Any CPU
		{FBE7CA39-D36B-4426-8D51-588EB2A71EFF}.Debug|iPhoneSimulator.ActiveCfg = Debug|Any CPU
		{FBE7CA39-D36B-4426-8D51-588EB2A71EFF}.Debug|iPhoneSimulator.Build.0 = Debug|Any CPU
		{FBE7CA39-D36B-4426-8D51-588EB2A71EFF}.Release|iPhoneSimulator.ActiveCfg = Release|Any CPU
		{FBE7CA39-D36B-4426-8D51-588EB2A71EFF}.Release|iPhoneSimulator.Build.0 = Release|Any CPU
		{FBE7CA39-D36B-4426-8D51-588EB2A71EFF}.Debug|iPhone.ActiveCfg = Debug|Any CPU
		{FBE7CA39-D36B-4426-8D51-588EB2A71EFF}.Debug|iPhone.Build.0 = Debug|Any CPU
		{FBE7CA39-D36B-4426-8D51-588EB2A71EFF}.Release|iPhone.ActiveCfg = Release|Any CPU
		{FBE7CA39-D36B-4426-8D51-588EB2A71EFF}.Release|iPhone.Build.0 = Release|Any CPU
	EndGlobalSection
EndGlobal
